
Microsoft Visual Studio Solution File, Format Version 12.00
# Visual Studio Version 17
VisualStudioVersion = 17.2.32516.85
MinimumVisualStudioVersion = 10.0.40219.1
Project("{FAE04EC0-301F-11D3-BF4B-00C04F79EFBC}") = "3CX", "3CX\3CX.csproj", "{557B6DF9-3998-409F-B201-98DC03692892}"
EndProject
Global
	GlobalSection(SolutionConfigurationPlatforms) = preSolution
		Debug|Any CPU = Debug|Any CPU
		Release|Any CPU = Release|Any CPU
	EndGlobalSection
	GlobalSection(ProjectConfigurationPlatforms) = postSolution
		{557B6DF9-3998-409F-B201-98DC03692892}.Debug|Any CPU.ActiveCfg = Debug|Any CPU
		{557B6DF9-3998-409F-B201-98DC03692892}.Debug|Any CPU.Build.0 = Debug|Any CPU
		{557B6DF9-3998-409F-B201-98DC03692892}.Release|Any CPU.ActiveCfg = Release|Any CPU
		{557B6DF9-3998-409F-B201-98DC03692892}.Release|Any CPU.Build.0 = Release|Any CPU
	EndGlobalSection
	GlobalSection(SolutionProperties) = preSolution
		HideSolutionNode = FALSE
	EndGlobalSection
	GlobalSection(ExtensibilityGlobals) = postSolution
		SolutionGuid = {21C8FCF8-2229-48C4-8DDC-047D71B54A5E}
	EndGlobalSection
EndGlobal
